
Microsoft Visual Studio Solution File, Format Version 12.00
# Visual Studio Version 17
VisualStudioVersion = 17.9.34902.65
MinimumVisualStudioVersion = 10.0.40219.1
Project("{FAE04EC0-301F-11D3-BF4B-00C04F79EFBC}") = "JASS-Optimizer", "JASS-Optimizer\JASS-Optimizer.csproj", "{C2BCAB24-EB89-440E-9457-5F9C79A17DDC}"
EndProject
Global
	GlobalSection(SolutionConfigurationPlatforms) = preSolution
		Debug|Any CPU = Debug|Any CPU
		Release|Any CPU = Release|Any CPU
	EndGlobalSection
	GlobalSection(ProjectConfigurationPlatforms) = postSolution
		{C2BCAB24-EB89-440E-9457-5F9C79A17DDC}.Debug|Any CPU.ActiveCfg = Debug|Any CPU
		{C2BCAB24-EB89-440E-9457-5F9C79A17DDC}.Debug|Any CPU.Build.0 = Debug|Any CPU
		{C2BCAB24-EB89-440E-9457-5F9C79A17DDC}.Release|Any CPU.ActiveCfg = Release|Any CPU
		{C2BCAB24-EB89-440E-9457-5F9C79A17DDC}.Release|Any CPU.Build.0 = Release|Any CPU
	EndGlobalSection
	GlobalSection(SolutionProperties) = preSolution
		HideSolutionNode = FALSE
	EndGlobalSection
	GlobalSection(ExtensibilityGlobals) = postSolution
		SolutionGuid = {A4C4CD62-6039-4B59-92F6-F5B300E9E617}
	EndGlobalSection
EndGlobal
